
Microsoft Visual Studio Solution File, Format Version 12.00
Project("{F2A71F9B-5D33-465A-A702-920D77279786}") = "Domain", "Domain\Domain.fsproj", "{6C86A3B3-7731-47AD-8985-E2130F62DED3}"
EndProject
Project("{F2A71F9B-5D33-465A-A702-920D77279786}") = "Tests.Domain", "Tests.Domain\Tests.Domain.fsproj", "{05596574-92B6-4E93-90D5-38F409C58E87}"
EndProject
Project("{F2A71F9B-5D33-465A-A702-920D77279786}") = "Application", "Application\Application.fsproj", "{28F11E88-AB7F-4C86-B0A1-EAC02C4DEAE0}"
EndProject
Project("{2150E333-8FDC-42A3-9474-1A3956D46DE8}") = "Infrastructure", "Infrastructure", "{27FDF9B1-C038-45A7-A2F0-541BE4B20A69}"
EndProject
Project("{F2A71F9B-5D33-465A-A702-920D77279786}") = "InMemoryData", "InMemoryData\InMemoryData.fsproj", "{42FEC1AB-1D03-42B6-9A49-D7DDB66D73A6}"
EndProject
Global
	GlobalSection(SolutionConfigurationPlatforms) = preSolution
		Debug|Any CPU = Debug|Any CPU
		Release|Any CPU = Release|Any CPU
	EndGlobalSection
	GlobalSection(ProjectConfigurationPlatforms) = postSolution
		{6C86A3B3-7731-47AD-8985-E2130F62DED3}.Debug|Any CPU.ActiveCfg = Debug|Any CPU
		{6C86A3B3-7731-47AD-8985-E2130F62DED3}.Debug|Any CPU.Build.0 = Debug|Any CPU
		{6C86A3B3-7731-47AD-8985-E2130F62DED3}.Release|Any CPU.ActiveCfg = Release|Any CPU
		{6C86A3B3-7731-47AD-8985-E2130F62DED3}.Release|Any CPU.Build.0 = Release|Any CPU
		{05596574-92B6-4E93-90D5-38F409C58E87}.Debug|Any CPU.ActiveCfg = Debug|Any CPU
		{05596574-92B6-4E93-90D5-38F409C58E87}.Debug|Any CPU.Build.0 = Debug|Any CPU
		{05596574-92B6-4E93-90D5-38F409C58E87}.Release|Any CPU.ActiveCfg = Release|Any CPU
		{05596574-92B6-4E93-90D5-38F409C58E87}.Release|Any CPU.Build.0 = Release|Any CPU
		{28F11E88-AB7F-4C86-B0A1-EAC02C4DEAE0}.Debug|Any CPU.ActiveCfg = Debug|Any CPU
		{28F11E88-AB7F-4C86-B0A1-EAC02C4DEAE0}.Debug|Any CPU.Build.0 = Debug|Any CPU
		{28F11E88-AB7F-4C86-B0A1-EAC02C4DEAE0}.Release|Any CPU.ActiveCfg = Release|Any CPU
		{28F11E88-AB7F-4C86-B0A1-EAC02C4DEAE0}.Release|Any CPU.Build.0 = Release|Any CPU
		{42FEC1AB-1D03-42B6-9A49-D7DDB66D73A6}.Debug|Any CPU.ActiveCfg = Debug|Any CPU
		{42FEC1AB-1D03-42B6-9A49-D7DDB66D73A6}.Debug|Any CPU.Build.0 = Debug|Any CPU
		{42FEC1AB-1D03-42B6-9A49-D7DDB66D73A6}.Release|Any CPU.ActiveCfg = Release|Any CPU
		{42FEC1AB-1D03-42B6-9A49-D7DDB66D73A6}.Release|Any CPU.Build.0 = Release|Any CPU
	EndGlobalSection
	GlobalSection(NestedProjects) = preSolution
		{42FEC1AB-1D03-42B6-9A49-D7DDB66D73A6} = {27FDF9B1-C038-45A7-A2F0-541BE4B20A69}
	EndGlobalSection
EndGlobal
